
Microsoft Visual Studio Solution File, Format Version 12.00
# Visual Studio Version 17
VisualStudioVersion = 17.9.34728.123
MinimumVisualStudioVersion = 10.0.40219.1
Project("{FAE04EC0-301F-11D3-BF4B-00C04F79EFBC}") = "лб4", "лб4\лб4.csproj", "{BB46A11C-A082-4627-93B7-9AA8872A816E}"
EndProject
Global
	GlobalSection(SolutionConfigurationPlatforms) = preSolution
		Debug|Any CPU = Debug|Any CPU
		Release|Any CPU = Release|Any CPU
	EndGlobalSection
	GlobalSection(ProjectConfigurationPlatforms) = postSolution
		{BB46A11C-A082-4627-93B7-9AA8872A816E}.Debug|Any CPU.ActiveCfg = Debug|Any CPU
		{BB46A11C-A082-4627-93B7-9AA8872A816E}.Debug|Any CPU.Build.0 = Debug|Any CPU
		{BB46A11C-A082-4627-93B7-9AA8872A816E}.Release|Any CPU.ActiveCfg = Release|Any CPU
		{BB46A11C-A082-4627-93B7-9AA8872A816E}.Release|Any CPU.Build.0 = Release|Any CPU
	EndGlobalSection
	GlobalSection(SolutionProperties) = preSolution
		HideSolutionNode = FALSE
	EndGlobalSection
	GlobalSection(ExtensibilityGlobals) = postSolution
		SolutionGuid = {FBBD2082-77DD-4015-98AF-5EFBAC951C20}
	EndGlobalSection
EndGlobal
